
Microsoft Visual Studio Solution File, Format Version 12.00
# Visual Studio Version 16
VisualStudioVersion = 16.0.31729.503
MinimumVisualStudioVersion = 10.0.40219.1
Project("{9A19103F-16F7-4668-BE54-9A1E7A4F7556}") = "CourseRegistration", "CourseRegistration.csproj", "{7C8E238B-9637-4426-8240-988B13FA0523}"
EndProject
Project("{FAE04EC0-301F-11D3-BF4B-00C04F79EFBC}") = "ResturantApi", "..\ResturantApi\ResturantApi.csproj", "{ECA9725E-EE76-4BAF-B835-E135829004F1}"
EndProject
Global
	GlobalSection(SolutionConfigurationPlatforms) = preSolution
		Debug|Any CPU = Debug|Any CPU
		Release|Any CPU = Release|Any CPU
	EndGlobalSection
	GlobalSection(ProjectConfigurationPlatforms) = postSolution
		{7C8E238B-9637-4426-8240-988B13FA0523}.Debug|Any CPU.ActiveCfg = Debug|Any CPU
		{7C8E238B-9637-4426-8240-988B13FA0523}.Debug|Any CPU.Build.0 = Debug|Any CPU
		{7C8E238B-9637-4426-8240-988B13FA0523}.Release|Any CPU.ActiveCfg = Release|Any CPU
		{7C8E238B-9637-4426-8240-988B13FA0523}.Release|Any CPU.Build.0 = Release|Any CPU
		{ECA9725E-EE76-4BAF-B835-E135829004F1}.Debug|Any CPU.ActiveCfg = Debug|Any CPU
		{ECA9725E-EE76-4BAF-B835-E135829004F1}.Debug|Any CPU.Build.0 = Debug|Any CPU
		{ECA9725E-EE76-4BAF-B835-E135829004F1}.Release|Any CPU.ActiveCfg = Release|Any CPU
		{ECA9725E-EE76-4BAF-B835-E135829004F1}.Release|Any CPU.Build.0 = Release|Any CPU
	EndGlobalSection
	GlobalSection(SolutionProperties) = preSolution
		HideSolutionNode = FALSE
	EndGlobalSection
	GlobalSection(ExtensibilityGlobals) = postSolution
		SolutionGuid = {CABA0144-1B69-45C0-B632-4F06ABCC2075}
	EndGlobalSection
EndGlobal
